
Microsoft Visual Studio Solution File, Format Version 12.00
# Visual Studio 15
VisualStudioVersion = 15.0.26823.1
MinimumVisualStudioVersion = 10.0.40219.1
Project("{FAE04EC0-301F-11D3-BF4B-00C04F79EFBC}") = "SharpSnmpLib.Mib", "MibParser\SharpSnmpLib.Mib.csproj", "{7466734E-62B1-4CA8-A710-C3C0D4A38A73}"
EndProject
Global
	GlobalSection(SolutionConfigurationPlatforms) = preSolution
		Debug|Any CPU = Debug|Any CPU
		Release|Any CPU = Release|Any CPU
	EndGlobalSection
	GlobalSection(ProjectConfigurationPlatforms) = postSolution
		{7466734E-62B1-4CA8-A710-C3C0D4A38A73}.Debug|Any CPU.ActiveCfg = Debug|Any CPU
		{7466734E-62B1-4CA8-A710-C3C0D4A38A73}.Debug|Any CPU.Build.0 = Debug|Any CPU
		{7466734E-62B1-4CA8-A710-C3C0D4A38A73}.Release|Any CPU.ActiveCfg = Release|Any CPU
		{7466734E-62B1-4CA8-A710-C3C0D4A38A73}.Release|Any CPU.Build.0 = Release|Any CPU
	EndGlobalSection
	GlobalSection(SolutionProperties) = preSolution
		HideSolutionNode = FALSE
	EndGlobalSection
	GlobalSection(ExtensibilityGlobals) = postSolution
		SolutionGuid = {11CE482D-B648-4ECE-977E-21813749BC96}
	EndGlobalSection
EndGlobal
